
Microsoft Visual Studio Solution File, Format Version 12.00
# Visual Studio Version 17
VisualStudioVersion = 17.12.35728.132 d17.12
MinimumVisualStudioVersion = 10.0.40219.1
Project("{FAE04EC0-301F-11D3-BF4B-00C04F79EFBC}") = "SingleInstance", "SingleInstance\SingleInstance.csproj", "{111C4847-3890-4EAE-B083-8C6DB810A2E9}"
EndProject
Project("{FAE04EC0-301F-11D3-BF4B-00C04F79EFBC}") = "SingleInstance.Tests", "SingleInstance.Tests\SingleInstance.Tests.csproj", "{6FEAE874-042C-4941-A454-4F9503CDF715}"
EndProject
Global
	GlobalSection(SolutionConfigurationPlatforms) = preSolution
		Debug|Any CPU = Debug|Any CPU
		Release|Any CPU = Release|Any CPU
	EndGlobalSection
	GlobalSection(ProjectConfigurationPlatforms) = postSolution
		{111C4847-3890-4EAE-B083-8C6DB810A2E9}.Debug|Any CPU.ActiveCfg = Debug|Any CPU
		{111C4847-3890-4EAE-B083-8C6DB810A2E9}.Debug|Any CPU.Build.0 = Debug|Any CPU
		{111C4847-3890-4EAE-B083-8C6DB810A2E9}.Release|Any CPU.ActiveCfg = Release|Any CPU
		{111C4847-3890-4EAE-B083-8C6DB810A2E9}.Release|Any CPU.Build.0 = Release|Any CPU
		{6FEAE874-042C-4941-A454-4F9503CDF715}.Debug|Any CPU.ActiveCfg = Debug|Any CPU
		{6FEAE874-042C-4941-A454-4F9503CDF715}.Debug|Any CPU.Build.0 = Debug|Any CPU
		{6FEAE874-042C-4941-A454-4F9503CDF715}.Release|Any CPU.ActiveCfg = Release|Any CPU
		{6FEAE874-042C-4941-A454-4F9503CDF715}.Release|Any CPU.Build.0 = Release|Any CPU
	EndGlobalSection
	GlobalSection(SolutionProperties) = preSolution
		HideSolutionNode = FALSE
	EndGlobalSection
EndGlobal
